
Microsoft Visual Studio Solution File, Format Version 12.00
# Visual Studio Version 17
VisualStudioVersion = 17.9.34723.18
MinimumVisualStudioVersion = 10.0.40219.1
Project("{FAE04EC0-301F-11D3-BF4B-00C04F79EFBC}") = "WebApi", "WebApi\WebApi.csproj", "{ADF052C5-3497-4727-BEEB-464FE653D19F}"
EndProject
Project("{FAE04EC0-301F-11D3-BF4B-00C04F79EFBC}") = "Persistence", "Persistence\Persistence.csproj", "{4CF50FD7-D6DC-4C1C-A035-70A17C1E5EF5}"
EndProject
Project("{FAE04EC0-301F-11D3-BF4B-00C04F79EFBC}") = "Domain", "Domain\Domain.csproj", "{279E0A2E-5184-4133-9C1F-53CC9A328A07}"
EndProject
Project("{FAE04EC0-301F-11D3-BF4B-00C04F79EFBC}") = "Infrastructure", "Infrastructure\Infrastructure.csproj", "{812DC26B-15FB-4CAB-9288-4023B3E91F48}"
EndProject
Project("{FAE04EC0-301F-11D3-BF4B-00C04F79EFBC}") = "Application", "Application\Application.csproj", "{A3D672CA-B4FC-411A-93C1-E00221CC83B1}"
EndProject
Global
	GlobalSection(SolutionConfigurationPlatforms) = preSolution
		Debug|Any CPU = Debug|Any CPU
		Release|Any CPU = Release|Any CPU
	EndGlobalSection
	GlobalSection(ProjectConfigurationPlatforms) = postSolution
		{ADF052C5-3497-4727-BEEB-464FE653D19F}.Debug|Any CPU.ActiveCfg = Debug|Any CPU
		{ADF052C5-3497-4727-BEEB-464FE653D19F}.Debug|Any CPU.Build.0 = Debug|Any CPU
		{ADF052C5-3497-4727-BEEB-464FE653D19F}.Release|Any CPU.ActiveCfg = Release|Any CPU
		{ADF052C5-3497-4727-BEEB-464FE653D19F}.Release|Any CPU.Build.0 = Release|Any CPU
		{4CF50FD7-D6DC-4C1C-A035-70A17C1E5EF5}.Debug|Any CPU.ActiveCfg = Debug|Any CPU
		{4CF50FD7-D6DC-4C1C-A035-70A17C1E5EF5}.Debug|Any CPU.Build.0 = Debug|Any CPU
		{4CF50FD7-D6DC-4C1C-A035-70A17C1E5EF5}.Release|Any CPU.ActiveCfg = Release|Any CPU
		{4CF50FD7-D6DC-4C1C-A035-70A17C1E5EF5}.Release|Any CPU.Build.0 = Release|Any CPU
		{279E0A2E-5184-4133-9C1F-53CC9A328A07}.Debug|Any CPU.ActiveCfg = Debug|Any CPU
		{279E0A2E-5184-4133-9C1F-53CC9A328A07}.Debug|Any CPU.Build.0 = Debug|Any CPU
		{279E0A2E-5184-4133-9C1F-53CC9A328A07}.Release|Any CPU.ActiveCfg = Release|Any CPU
		{279E0A2E-5184-4133-9C1F-53CC9A328A07}.Release|Any CPU.Build.0 = Release|Any CPU
		{812DC26B-15FB-4CAB-9288-4023B3E91F48}.Debug|Any CPU.ActiveCfg = Debug|Any CPU
		{812DC26B-15FB-4CAB-9288-4023B3E91F48}.Debug|Any CPU.Build.0 = Debug|Any CPU
		{812DC26B-15FB-4CAB-9288-4023B3E91F48}.Release|Any CPU.ActiveCfg = Release|Any CPU
		{812DC26B-15FB-4CAB-9288-4023B3E91F48}.Release|Any CPU.Build.0 = Release|Any CPU
		{A3D672CA-B4FC-411A-93C1-E00221CC83B1}.Debug|Any CPU.ActiveCfg = Debug|Any CPU
		{A3D672CA-B4FC-411A-93C1-E00221CC83B1}.Debug|Any CPU.Build.0 = Debug|Any CPU
		{A3D672CA-B4FC-411A-93C1-E00221CC83B1}.Release|Any CPU.ActiveCfg = Release|Any CPU
		{A3D672CA-B4FC-411A-93C1-E00221CC83B1}.Release|Any CPU.Build.0 = Release|Any CPU
	EndGlobalSection
	GlobalSection(SolutionProperties) = preSolution
		HideSolutionNode = FALSE
	EndGlobalSection
	GlobalSection(ExtensibilityGlobals) = postSolution
		SolutionGuid = {16F86C95-A010-4FC1-84E2-FA0887B7A690}
	EndGlobalSection
EndGlobal
